
Microsoft Visual Studio Solution File, Format Version 12.00
# Visual Studio Version 17
VisualStudioVersion = 17.10.34928.147
MinimumVisualStudioVersion = 10.0.40219.1
Project("{9A19103F-16F7-4668-BE54-9A1E7A4F7556}") = "HightSportShopBusiness", "HightSportShopBusiness\HightSportShopBusiness.csproj", "{EA76829C-83C1-4BA6-A367-26F5FBE40536}"
EndProject
Project("{9A19103F-16F7-4668-BE54-9A1E7A4F7556}") = "HightSportShopDataAccess", "HightSportShopDataAccess\HightSportShopDataAccess.csproj", "{2FB8E295-42A3-4F98-9042-E13C8D60AC04}"
EndProject
Project("{9A19103F-16F7-4668-BE54-9A1E7A4F7556}") = "HightSportShopWebAPI", "HightSportShopWebAPI\HightSportShopWebAPI.csproj", "{00BA9D7C-2036-4F15-94D6-67666F434E5F}"
EndProject
Global
	GlobalSection(SolutionConfigurationPlatforms) = preSolution
		Debug|Any CPU = Debug|Any CPU
		Release|Any CPU = Release|Any CPU
	EndGlobalSection
	GlobalSection(ProjectConfigurationPlatforms) = postSolution
		{EA76829C-83C1-4BA6-A367-26F5FBE40536}.Debug|Any CPU.ActiveCfg = Debug|Any CPU
		{EA76829C-83C1-4BA6-A367-26F5FBE40536}.Debug|Any CPU.Build.0 = Debug|Any CPU
		{EA76829C-83C1-4BA6-A367-26F5FBE40536}.Release|Any CPU.ActiveCfg = Release|Any CPU
		{EA76829C-83C1-4BA6-A367-26F5FBE40536}.Release|Any CPU.Build.0 = Release|Any CPU
		{2FB8E295-42A3-4F98-9042-E13C8D60AC04}.Debug|Any CPU.ActiveCfg = Debug|Any CPU
		{2FB8E295-42A3-4F98-9042-E13C8D60AC04}.Debug|Any CPU.Build.0 = Debug|Any CPU
		{2FB8E295-42A3-4F98-9042-E13C8D60AC04}.Release|Any CPU.ActiveCfg = Release|Any CPU
		{2FB8E295-42A3-4F98-9042-E13C8D60AC04}.Release|Any CPU.Build.0 = Release|Any CPU
		{00BA9D7C-2036-4F15-94D6-67666F434E5F}.Debug|Any CPU.ActiveCfg = Debug|Any CPU
		{00BA9D7C-2036-4F15-94D6-67666F434E5F}.Debug|Any CPU.Build.0 = Debug|Any CPU
		{00BA9D7C-2036-4F15-94D6-67666F434E5F}.Release|Any CPU.ActiveCfg = Release|Any CPU
		{00BA9D7C-2036-4F15-94D6-67666F434E5F}.Release|Any CPU.Build.0 = Release|Any CPU
	EndGlobalSection
	GlobalSection(SolutionProperties) = preSolution
		HideSolutionNode = FALSE
	EndGlobalSection
	GlobalSection(ExtensibilityGlobals) = postSolution
		SolutionGuid = {8CE1ED4C-31EE-4660-87F1-4662C65DCD8A}
	EndGlobalSection
EndGlobal
